
Microsoft Visual Studio Solution File, Format Version 12.00
# Visual Studio Version 16
VisualStudioVersion = 16.0.31019.35
MinimumVisualStudioVersion = 10.0.40219.1
Project("{FAE04EC0-301F-11D3-BF4B-00C04F79EFBC}") = "Repository", "Repository\Repository.csproj", "{7DB30EB2-A43D-49EF-B4A4-53CD8F187CAD}"
EndProject
Project("{FAE04EC0-301F-11D3-BF4B-00C04F79EFBC}") = "EFRepository", "EFRepository\EFRepository.csproj", "{6B2593B4-6E84-46F0-8B6A-D9D383F1BBD1}"
EndProject
Project("{FAE04EC0-301F-11D3-BF4B-00C04F79EFBC}") = "Model", "Model\Model.csproj", "{A0992E7D-CE44-4CA0-B316-9D7218BB08A5}"
EndProject
Project("{FAE04EC0-301F-11D3-BF4B-00C04F79EFBC}") = "Sys.ControlHoras", "Sys.ControlHoras\Sys.ControlHoras.csproj", "{23674A83-1F5A-44A7-8CF0-42808FEFEFCC}"
EndProject
Global
	GlobalSection(SolutionConfigurationPlatforms) = preSolution
		Debug|Any CPU = Debug|Any CPU
		Release|Any CPU = Release|Any CPU
	EndGlobalSection
	GlobalSection(ProjectConfigurationPlatforms) = postSolution
		{7DB30EB2-A43D-49EF-B4A4-53CD8F187CAD}.Debug|Any CPU.ActiveCfg = Debug|Any CPU
		{7DB30EB2-A43D-49EF-B4A4-53CD8F187CAD}.Debug|Any CPU.Build.0 = Debug|Any CPU
		{7DB30EB2-A43D-49EF-B4A4-53CD8F187CAD}.Release|Any CPU.ActiveCfg = Release|Any CPU
		{7DB30EB2-A43D-49EF-B4A4-53CD8F187CAD}.Release|Any CPU.Build.0 = Release|Any CPU
		{6B2593B4-6E84-46F0-8B6A-D9D383F1BBD1}.Debug|Any CPU.ActiveCfg = Debug|Any CPU
		{6B2593B4-6E84-46F0-8B6A-D9D383F1BBD1}.Debug|Any CPU.Build.0 = Debug|Any CPU
		{6B2593B4-6E84-46F0-8B6A-D9D383F1BBD1}.Release|Any CPU.ActiveCfg = Release|Any CPU
		{6B2593B4-6E84-46F0-8B6A-D9D383F1BBD1}.Release|Any CPU.Build.0 = Release|Any CPU
		{A0992E7D-CE44-4CA0-B316-9D7218BB08A5}.Debug|Any CPU.ActiveCfg = Debug|Any CPU
		{A0992E7D-CE44-4CA0-B316-9D7218BB08A5}.Debug|Any CPU.Build.0 = Debug|Any CPU
		{A0992E7D-CE44-4CA0-B316-9D7218BB08A5}.Release|Any CPU.ActiveCfg = Release|Any CPU
		{A0992E7D-CE44-4CA0-B316-9D7218BB08A5}.Release|Any CPU.Build.0 = Release|Any CPU
		{23674A83-1F5A-44A7-8CF0-42808FEFEFCC}.Debug|Any CPU.ActiveCfg = Debug|Any CPU
		{23674A83-1F5A-44A7-8CF0-42808FEFEFCC}.Debug|Any CPU.Build.0 = Debug|Any CPU
		{23674A83-1F5A-44A7-8CF0-42808FEFEFCC}.Release|Any CPU.ActiveCfg = Release|Any CPU
		{23674A83-1F5A-44A7-8CF0-42808FEFEFCC}.Release|Any CPU.Build.0 = Release|Any CPU
	EndGlobalSection
	GlobalSection(SolutionProperties) = preSolution
		HideSolutionNode = FALSE
	EndGlobalSection
	GlobalSection(ExtensibilityGlobals) = postSolution
		SolutionGuid = {898F2FF2-F777-453A-9DF5-017670D1AFB5}
	EndGlobalSection
EndGlobal
